{
  "schema": 1,
  "version": "0.1.0",
  "revision": "3b8e3cfccb53ecc1c7ebf0e2db37abf9cc7cffbe",
  "url": "https://github.com/chainmandev/chainman/releases/download/v0.1.0/chainman-0.1.0.tar.gz",
  "narHash": "sha256-do5RETOtoGEbVVr5F0U8HUhxmg8vIrF9PQJn+fsozkg=",
  "bundled_archive": "vendor/chainman/chainman.tar.gz"
}
