{
  "schema": 1,
  "version": "0.1.0",
  "revision": "1564c896dd4f16805f1732266f4afc9ac8ba874e",
  "url": "https://github.com/chainmandev/chainman/releases/download/v0.1.0/chainman-0.1.0.tar.gz",
  "narHash": "sha256-/YWQGkAYvGqEkRO2bPLOnvE2wAPWMDgqQDQH78amqXw=",
  "bundled_archive": "vendor/chainman/chainman.tar.gz"
}
