{
  "schema": 1,
  "version": "0.1.0",
  "revision": "9feaf19ff701a805c0be9a01b43ddba99cbeb323",
  "url": "https://github.com/chainmandev/chainman/releases/download/v0.1.0/chainman-0.1.0.tar.gz",
  "narHash": "sha256-//3EI/o9Q8IZMmZe5oyYDYEF3k4afqKv43UebvNYbLI=",
  "bundled_archive": "vendor/chainman/chainman.tar.gz"
}
