lockfileVersion: '9.0'

settings:
  autoInstallPeers: true
  excludeLinksFromLockfile: false

importers:

  .:
    devDependencies:
      dexie:
        specifier: 4.4.5
        version: 4.4.5
      prettier:
        specifier: ^3.9.6
        version: 3.9.6

packages:

  dexie@4.4.5:
    resolution: {integrity: sha512-wWCHdihT3dmlUSuNhn5mMZDWSpG0suxjAni7YjjiZdzabZcKmy3uNZGZ7AeYYXBoLbpSXX35fikPLkPC44Osiw==}

  prettier@3.9.6:
    resolution: {integrity: sha512-OpN0zzVdiaiAhxpuuj5efpIS4sY9j7bY6uR5mnj5yPzGkdkjNKSJeUThPb60Jw29QuAZgA4o+/iB49kFiaBX6g==}
    engines: {node: '>=14'}
    hasBin: true

snapshots:

  dexie@4.4.5: {}

  prettier@3.9.6: {}
